
Microsoft Visual Studio Solution File, Format Version 12.00
# Visual Studio for Mac
Project("{FAE04EC0-301F-11D3-BF4B-00C04F79EFBC}") = "StuckFightingZombies", "Assembly-CSharp.csproj", "{CCBAB8EF-BE4A-19E6-3B01-F65B694CF4F5}"
EndProject
Global
	GlobalSection(SolutionConfigurationPlatforms) = preSolution
		Debug|Any CPU = Debug|Any CPU
		Release|Any CPU = Release|Any CPU
	EndGlobalSection
	GlobalSection(ProjectConfigurationPlatforms) = postSolution
		{CCBAB8EF-BE4A-19E6-3B01-F65B694CF4F5}.Debug|Any CPU.ActiveCfg = Debug|Any CPU
		{CCBAB8EF-BE4A-19E6-3B01-F65B694CF4F5}.Debug|Any CPU.Build.0 = Debug|Any CPU
		{CCBAB8EF-BE4A-19E6-3B01-F65B694CF4F5}.Release|Any CPU.ActiveCfg = Release|Any CPU
		{CCBAB8EF-BE4A-19E6-3B01-F65B694CF4F5}.Release|Any CPU.Build.0 = Release|Any CPU
	EndGlobalSection
	GlobalSection(SolutionProperties) = preSolution
		HideSolutionNode = FALSE
	EndGlobalSection
EndGlobal
